
Microsoft Visual Studio Solution File, Format Version 12.00
# Visual Studio Version 17
VisualStudioVersion = 17.9.34728.123
MinimumVisualStudioVersion = 10.0.40219.1
Project("{FAE04EC0-301F-11D3-BF4B-00C04F79EFBC}") = "ApiWeb", "ApiWeb\ApiWeb.csproj", "{EEE0CB88-7A82-429F-AF25-EC130AF392F6}"
EndProject
Project("{2150E333-8FDC-42A3-9474-1A3956D46DE8}") = "Solution Items", "Solution Items", "{E4A2A0BE-A614-4E86-8165-F0415BBBE3CB}"
	ProjectSection(SolutionItems) = preProject
		.editorconfig = .editorconfig
	EndProjectSection
EndProject
Global
	GlobalSection(SolutionConfigurationPlatforms) = preSolution
		Debug|Any CPU = Debug|Any CPU
		Release|Any CPU = Release|Any CPU
	EndGlobalSection
	GlobalSection(ProjectConfigurationPlatforms) = postSolution
		{EEE0CB88-7A82-429F-AF25-EC130AF392F6}.Debug|Any CPU.ActiveCfg = Debug|Any CPU
		{EEE0CB88-7A82-429F-AF25-EC130AF392F6}.Debug|Any CPU.Build.0 = Debug|Any CPU
		{EEE0CB88-7A82-429F-AF25-EC130AF392F6}.Release|Any CPU.ActiveCfg = Release|Any CPU
		{EEE0CB88-7A82-429F-AF25-EC130AF392F6}.Release|Any CPU.Build.0 = Release|Any CPU
	EndGlobalSection
	GlobalSection(SolutionProperties) = preSolution
		HideSolutionNode = FALSE
	EndGlobalSection
	GlobalSection(ExtensibilityGlobals) = postSolution
		SolutionGuid = {FA10BF46-211F-434F-9AF5-FFBE061D3292}
	EndGlobalSection
EndGlobal
